{
  "version": 4,
  "terraform_version": "1.9.1",
  "serial": 148,
  "lineage": "30aa7f54-c85a-0f8b-9e7d-20c9c8e14bef",
  "outputs": {},
  "resources": [
    {
      "mode": "data",
      "type": "azurerm_key_vault",
      "name": "mykeyvault",
      "provider": "provider[\"registry.terraform.io/hashicorp/azurerm\"]",
      "instances": [
        {
          "schema_version": 0,
          "attributes": {
            "access_policy": [],
            "enable_rbac_authorization": true,
            "enabled_for_deployment": false,
            "enabled_for_disk_encryption": false,
            "enabled_for_template_deployment": false,
            "id": "/subscriptions/575afbf2-0d4d-4147-8f2a-ffa165367944/resourceGroups/rg2/providers/Microsoft.KeyVault/vaults/key3274",
            "location": "eastus",
            "name": "key3274",
            "network_acls": [
              {
                "bypass": "None",
                "default_action": "Allow",
                "ip_rules": [],
                "virtual_network_subnet_ids": []
              }
            ],
            "public_network_access_enabled": true,
            "purge_protection_enabled": false,
            "resource_group_name": "rg2",
            "sku_name": "standard",
            "tags": {},
            "tenant_id": "766a5e15-cdc5-4807-9e8c-ade608d0aeaa",
            "timeouts": null,
            "vault_uri": "https://key3274.vault.azure.net/"
          },
          "sensitive_attributes": []
        }
      ]
    },
    {
      "mode": "data",
      "type": "azurerm_key_vault_secret",
      "name": "adminpassword",
      "provider": "provider[\"registry.terraform.io/hashicorp/azurerm\"]",
      "instances": [
        {
          "schema_version": 0,
          "attributes": {
            "content_type": "",
            "expiration_date": null,
            "id": "https://key3274.vault.azure.net/secrets/Password/ed7bedfd72b54c7580b27d57e723a5f8",
            "key_vault_id": "/subscriptions/575afbf2-0d4d-4147-8f2a-ffa165367944/resourceGroups/rg2/providers/Microsoft.KeyVault/vaults/key3274",
            "name": "Password",
            "not_before_date": null,
            "resource_id": "/subscriptions/575afbf2-0d4d-4147-8f2a-ffa165367944/resourceGroups/rg2/providers/Microsoft.KeyVault/vaults/key3274/secrets/Password/versions/ed7bedfd72b54c7580b27d57e723a5f8",
            "resource_versionless_id": "/subscriptions/575afbf2-0d4d-4147-8f2a-ffa165367944/resourceGroups/rg2/providers/Microsoft.KeyVault/vaults/key3274/secrets/Password",
            "tags": {},
            "timeouts": null,
            "value": "Passw0rd123",
            "version": "ed7bedfd72b54c7580b27d57e723a5f8",
            "versionless_id": "https://key3274.vault.azure.net/secrets/Password"
          },
          "sensitive_attributes": [
            [
              {
                "type": "get_attr",
                "value": "value"
              }
            ]
          ]
        }
      ]
    },
    {
      "mode": "data",
      "type": "azurerm_key_vault_secret",
      "name": "adminusername",
      "provider": "provider[\"registry.terraform.io/hashicorp/azurerm\"]",
      "instances": [
        {
          "schema_version": 0,
          "attributes": {
            "content_type": "",
            "expiration_date": null,
            "id": "https://key3274.vault.azure.net/secrets/adminuser/30d5079ad0034dddb22a3efde94da8cc",
            "key_vault_id": "/subscriptions/575afbf2-0d4d-4147-8f2a-ffa165367944/resourceGroups/rg2/providers/Microsoft.KeyVault/vaults/key3274",
            "name": "adminuser",
            "not_before_date": null,
            "resource_id": "/subscriptions/575afbf2-0d4d-4147-8f2a-ffa165367944/resourceGroups/rg2/providers/Microsoft.KeyVault/vaults/key3274/secrets/adminuser/versions/30d5079ad0034dddb22a3efde94da8cc",
            "resource_versionless_id": "/subscriptions/575afbf2-0d4d-4147-8f2a-ffa165367944/resourceGroups/rg2/providers/Microsoft.KeyVault/vaults/key3274/secrets/adminuser",
            "tags": {},
            "timeouts": null,
            "value": "adminuser",
            "version": "30d5079ad0034dddb22a3efde94da8cc",
            "versionless_id": "https://key3274.vault.azure.net/secrets/adminuser"
          },
          "sensitive_attributes": [
            [
              {
                "type": "get_attr",
                "value": "value"
              }
            ]
          ]
        }
      ]
    },
    {
      "mode": "data",
      "type": "azurerm_resource_group",
      "name": "example",
      "provider": "provider[\"registry.terraform.io/hashicorp/azurerm\"]",
      "instances": [
        {
          "schema_version": 0,
          "attributes": {
            "id": "/subscriptions/575afbf2-0d4d-4147-8f2a-ffa165367944/resourceGroups/rg2",
            "location": "eastus",
            "managed_by": "",
            "name": "rg2",
            "tags": {},
            "timeouts": null
          },
          "sensitive_attributes": []
        }
      ]
    },
    {
      "mode": "data",
      "type": "azurerm_subnet",
      "name": "frontend_subnet",
      "provider": "provider[\"registry.terraform.io/hashicorp/azurerm\"]",
      "instances": [
        {
          "schema_version": 0,
          "attributes": {
            "address_prefix": "10.0.1.0/24",
            "address_prefixes": [
              "10.0.1.0/24"
            ],
            "default_outbound_access_enabled": true,
            "id": "/subscriptions/575afbf2-0d4d-4147-8f2a-ffa165367944/resourceGroups/rg2/providers/Microsoft.Network/virtualNetworks/example-vnet/subnets/example-subnet",
            "name": "example-subnet",
            "network_security_group_id": "",
            "private_endpoint_network_policies": "Disabled",
            "private_link_service_network_policies_enabled": true,
            "resource_group_name": "rg2",
            "route_table_id": "",
            "service_endpoints": [],
            "timeouts": null,
            "virtual_network_name": "example-vnet"
          },
          "sensitive_attributes": []
        }
      ]
    },
    {
      "mode": "managed",
      "type": "azurerm_linux_virtual_machine",
      "name": "linux-vm",
      "provider": "provider[\"registry.terraform.io/hashicorp/azurerm\"]",
      "instances": [
        {
          "schema_version": 0,
          "attributes": {
            "additional_capabilities": [],
            "admin_password": "Passw0rd123",
            "admin_ssh_key": [],
            "admin_username": "adminuser",
            "allow_extension_operations": true,
            "availability_set_id": "",
            "boot_diagnostics": [],
            "bypass_platform_safety_checks_on_user_schedule_enabled": false,
            "capacity_reservation_group_id": "",
            "computer_name": "linux-machine",
            "custom_data": null,
            "dedicated_host_group_id": "",
            "dedicated_host_id": "",
            "disable_password_authentication": false,
            "disk_controller_type": "",
            "edge_zone": "",
            "encryption_at_host_enabled": false,
            "eviction_policy": "",
            "extensions_time_budget": "PT1H30M",
            "gallery_application": [],
            "id": "/subscriptions/575afbf2-0d4d-4147-8f2a-ffa165367944/resourceGroups/rg2/providers/Microsoft.Compute/virtualMachines/linux-machine",
            "identity": [],
            "license_type": "",
            "location": "eastus",
            "max_bid_price": -1,
            "name": "linux-machine",
            "network_interface_ids": [
              "/subscriptions/575afbf2-0d4d-4147-8f2a-ffa165367944/resourceGroups/rg2/providers/Microsoft.Network/networkInterfaces/nic-vm"
            ],
            "os_disk": [
              {
                "caching": "ReadWrite",
                "diff_disk_settings": [],
                "disk_encryption_set_id": "",
                "disk_size_gb": 30,
                "name": "linux-machine_OsDisk_1_b2e5cd7659124ff280b99b1899b3a6b4",
                "secure_vm_disk_encryption_set_id": "",
                "security_encryption_type": "",
                "storage_account_type": "Standard_LRS",
                "write_accelerator_enabled": false
              }
            ],
            "os_image_notification": [],
            "patch_assessment_mode": "ImageDefault",
            "patch_mode": "ImageDefault",
            "plan": [],
            "platform_fault_domain": -1,
            "priority": "Regular",
            "private_ip_address": "10.0.1.4",
            "private_ip_addresses": [
              "10.0.1.4"
            ],
            "provision_vm_agent": true,
            "proximity_placement_group_id": "",
            "public_ip_address": "40.87.1.222",
            "public_ip_addresses": [
              "40.87.1.222"
            ],
            "reboot_setting": "",
            "resource_group_name": "rg2",
            "secret": [],
            "secure_boot_enabled": false,
            "size": "Standard_F2",
            "source_image_id": "",
            "source_image_reference": [
              {
                "offer": "0001-com-ubuntu-server-jammy",
                "publisher": "Canonical",
                "sku": "22_04-lts",
                "version": "latest"
              }
            ],
            "tags": {},
            "termination_notification": [],
            "timeouts": null,
            "user_data": "",
            "virtual_machine_id": "016ad709-d6fc-4a5f-8c99-1b62501bb5c6",
            "virtual_machine_scale_set_id": "",
            "vm_agent_platform_updates_enabled": false,
            "vtpm_enabled": false,
            "zone": ""
          },
          "sensitive_attributes": [
            [
              {
                "type": "get_attr",
                "value": "custom_data"
              }
            ],
            [
              {
                "type": "get_attr",
                "value": "admin_password"
              }
            ],
            [
              {
                "type": "get_attr",
                "value": "admin_username"
              }
            ]
          ],
          "private": "eyJlMmJmYjczMC1lY2FhLTExZTYtOGY4OC0zNDM2M2JjN2M0YzAiOnsiY3JlYXRlIjoyNzAwMDAwMDAwMDAwLCJkZWxldGUiOjI3MDAwMDAwMDAwMDAsInJlYWQiOjMwMDAwMDAwMDAwMCwidXBkYXRlIjoyNzAwMDAwMDAwMDAwfX0=",
          "dependencies": [
            "azurerm_network_interface.nic",
            "azurerm_public_ip.pip",
            "data.azurerm_key_vault.mykeyvault",
            "data.azurerm_key_vault_secret.adminpassword",
            "data.azurerm_key_vault_secret.adminusername",
            "data.azurerm_resource_group.example",
            "data.azurerm_subnet.frontend_subnet"
          ]
        }
      ]
    },
    {
      "mode": "managed",
      "type": "azurerm_network_interface",
      "name": "nic",
      "provider": "provider[\"registry.terraform.io/hashicorp/azurerm\"]",
      "instances": [
        {
          "schema_version": 0,
          "attributes": {
            "accelerated_networking_enabled": false,
            "applied_dns_servers": [],
            "auxiliary_mode": "",
            "auxiliary_sku": "",
            "dns_servers": [],
            "edge_zone": "",
            "id": "/subscriptions/575afbf2-0d4d-4147-8f2a-ffa165367944/resourceGroups/rg2/providers/Microsoft.Network/networkInterfaces/nic-vm",
            "internal_dns_name_label": "",
            "internal_domain_name_suffix": "om0qflkod2rebasjfghsdrhcnb.bx.internal.cloudapp.net",
            "ip_configuration": [
              {
                "gateway_load_balancer_frontend_ip_configuration_id": "",
                "name": "internal",
                "primary": true,
                "private_ip_address": "10.0.1.4",
                "private_ip_address_allocation": "Dynamic",
                "private_ip_address_version": "IPv4",
                "public_ip_address_id": "/subscriptions/575afbf2-0d4d-4147-8f2a-ffa165367944/resourceGroups/rg2/providers/Microsoft.Network/publicIPAddresses/publicip",
                "subnet_id": "/subscriptions/575afbf2-0d4d-4147-8f2a-ffa165367944/resourceGroups/rg2/providers/Microsoft.Network/virtualNetworks/example-vnet/subnets/example-subnet"
              }
            ],
            "ip_forwarding_enabled": false,
            "location": "eastus",
            "mac_address": "7C-1E-52-0B-3B-25",
            "name": "nic-vm",
            "private_ip_address": "10.0.1.4",
            "private_ip_addresses": [
              "10.0.1.4"
            ],
            "resource_group_name": "rg2",
            "tags": {},
            "timeouts": null,
            "virtual_machine_id": "/subscriptions/575afbf2-0d4d-4147-8f2a-ffa165367944/resourceGroups/rg2/providers/Microsoft.Compute/virtualMachines/linux-machine"
          },
          "sensitive_attributes": [],
          "private": "eyJlMmJmYjczMC1lY2FhLTExZTYtOGY4OC0zNDM2M2JjN2M0YzAiOnsiY3JlYXRlIjoxODAwMDAwMDAwMDAwLCJkZWxldGUiOjE4MDAwMDAwMDAwMDAsInJlYWQiOjMwMDAwMDAwMDAwMCwidXBkYXRlIjoxODAwMDAwMDAwMDAwfX0=",
          "dependencies": [
            "azurerm_public_ip.pip",
            "data.azurerm_resource_group.example",
            "data.azurerm_subnet.frontend_subnet"
          ]
        }
      ]
    },
    {
      "mode": "managed",
      "type": "azurerm_public_ip",
      "name": "pip",
      "provider": "provider[\"registry.terraform.io/hashicorp/azurerm\"]",
      "instances": [
        {
          "schema_version": 0,
          "attributes": {
            "allocation_method": "Static",
            "ddos_protection_mode": "VirtualNetworkInherited",
            "ddos_protection_plan_id": null,
            "domain_name_label": null,
            "edge_zone": "",
            "fqdn": null,
            "id": "/subscriptions/575afbf2-0d4d-4147-8f2a-ffa165367944/resourceGroups/rg2/providers/Microsoft.Network/publicIPAddresses/publicip",
            "idle_timeout_in_minutes": 4,
            "ip_address": "40.87.1.222",
            "ip_tags": {},
            "ip_version": "IPv4",
            "location": "eastus",
            "name": "publicip",
            "public_ip_prefix_id": null,
            "resource_group_name": "rg2",
            "reverse_fqdn": null,
            "sku": "Standard",
            "sku_tier": "Regional",
            "tags": {},
            "timeouts": null,
            "zones": []
          },
          "sensitive_attributes": [],
          "private": "eyJlMmJmYjczMC1lY2FhLTExZTYtOGY4OC0zNDM2M2JjN2M0YzAiOnsiY3JlYXRlIjoxODAwMDAwMDAwMDAwLCJkZWxldGUiOjE4MDAwMDAwMDAwMDAsInJlYWQiOjMwMDAwMDAwMDAwMCwidXBkYXRlIjoxODAwMDAwMDAwMDAwfX0=",
          "dependencies": [
            "data.azurerm_resource_group.example"
          ]
        }
      ]
    }
  ],
  "check_results": null
}
